
Microsoft Visual Studio Solution File, Format Version 12.00
# Visual Studio Version 17
VisualStudioVersion = 17.5.002.0
MinimumVisualStudioVersion = 10.0.40219.1
Project("{9A19103F-16F7-4668-BE54-9A1E7A4F7556}") = "kidsbehaviortracker", "kidsbehaviortracker.csproj", "{E534B3D6-0DB5-4D42-B450-2FBC5C372195}"
EndProject
Global
	GlobalSection(SolutionConfigurationPlatforms) = preSolution
		Debug|Any CPU = Debug|Any CPU
		Release|Any CPU = Release|Any CPU
	EndGlobalSection
	GlobalSection(ProjectConfigurationPlatforms) = postSolution
		{E534B3D6-0DB5-4D42-B450-2FBC5C372195}.Debug|Any CPU.ActiveCfg = Debug|Any CPU
		{E534B3D6-0DB5-4D42-B450-2FBC5C372195}.Debug|Any CPU.Build.0 = Debug|Any CPU
		{E534B3D6-0DB5-4D42-B450-2FBC5C372195}.Release|Any CPU.ActiveCfg = Release|Any CPU
		{E534B3D6-0DB5-4D42-B450-2FBC5C372195}.Release|Any CPU.Build.0 = Release|Any CPU
	EndGlobalSection
	GlobalSection(SolutionProperties) = preSolution
		HideSolutionNode = FALSE
	EndGlobalSection
	GlobalSection(ExtensibilityGlobals) = postSolution
		SolutionGuid = {46D273AF-4E9F-454C-891E-7D11C5638AC5}
	EndGlobalSection
EndGlobal
